PODS:
  - boost-for-react-native (1.63.0)
  - CocoaAsyncSocket (7.6.4)
  - CocoaLibEvent (1.0.0)
  - DoubleConversion (1.1.6)
  - FBLazyVector (0.63.26)
  - FBReactNativeSpec (0.63.26):
    - RCT-Folly (= 2020.01.13.00)
    - RCTRequired (= 0.63.26)
    - RCTTypeSafety (= 0.63.26)
    - React-Core (= 0.63.26)
    - React-jsi (= 0.63.26)
    - ReactCommon/turbomodule/core (= 0.63.26)
  - Flipper (0.54.0):
    - Flipper-Folly (~> 2.2)
    - Flipper-RSocket (~> 1.1)
  - Flipper-DoubleConversion (1.1.7)
  - Flipper-Folly (2.3.0):
    - boost-for-react-native
    - CocoaLibEvent (~> 1.0)
    - Flipper-DoubleConversion
    - Flipper-Glog
    - OpenSSL-Universal (= 1.0.2.20)
  - Flipper-Glog (0.3.6)
  - Flipper-PeerTalk (0.0.4)
  - Flipper-RSocket (1.1.0):
    - Flipper-Folly (~> 2.2)
  - FlipperKit (0.54.0):
    - FlipperKit/Core (= 0.54.0)
  - FlipperKit/Core (0.54.0):
    - Flipper (~> 0.54.0)
    - FlipperKit/CppBridge
    - FlipperKit/FBCxxFollyDynamicConvert
    - FlipperKit/FBDefines
    - FlipperKit/FKPortForwarding
  - FlipperKit/CppBridge (0.54.0):
    - Flipper (~> 0.54.0)
  - FlipperKit/FBCxxFollyDynamicConvert (0.54.0):
    - Flipper-Folly (~> 2.2)
  - FlipperKit/FBDefines (0.54.0)
  - FlipperKit/FKPortForwarding (0.54.0):
    - CocoaAsyncSocket (~> 7.6)
    - Flipper-PeerTalk (~> 0.0.4)
  - FlipperKit/FlipperKitHighlightOverlay (0.54.0)
  - FlipperKit/FlipperKitLayoutPlugin (0.54.0):
    - FlipperKit/Core
    - FlipperKit/FlipperKitHighlightOverlay
    - FlipperKit/FlipperKitLayoutTextSearchable
    - YogaKit (~> 1.18)
  - FlipperKit/FlipperKitLayoutTextSearchable (0.54.0)
  - FlipperKit/FlipperKitNetworkPlugin (0.54.0):
    - FlipperKit/Core
  - FlipperKit/FlipperKitReactPlugin (0.54.0):
    - FlipperKit/Core
  - FlipperKit/FlipperKitUserDefaultsPlugin (0.54.0):
    - FlipperKit/Core
  - FlipperKit/SKIOSNetworkPlugin (0.54.0):
    - FlipperKit/Core
    - FlipperKit/FlipperKitNetworkPlugin
  - Folly (2016.09.26.00):
    - boost-for-react-native
    - DoubleConversion
    - glog
  - glog (0.3.5)
  - OpenSSL-Universal (1.0.2.20):
    - OpenSSL-Universal/Static (= 1.0.2.20)
  - OpenSSL-Universal/Static (1.0.2.20)
  - RCT-Folly (2020.01.13.00):
    - boost-for-react-native
    - DoubleConversion
    - glog
    - RCT-Folly/Default (= 2020.01.13.00)
  - RCT-Folly/Default (2020.01.13.00):
    - boost-for-react-native
    - DoubleConversion
    - glog
  - RCTRequired (0.63.26)
  - RCTTypeSafety (0.63.26):
    - FBLazyVector (= 0.63.26)
    - RCT-Folly (= 2020.01.13.00)
    - RCTRequired (= 0.63.26)
    - React-Core (= 0.63.26)
  - React (0.63.26):
    - React-Core (= 0.63.26)
    - React-Core/DevSupport (= 0.63.26)
    - React-Core/RCTWebSocket (= 0.63.26)
    - React-RCTActionSheet (= 0.63.26)
    - React-RCTAnimation (= 0.63.26)
    - React-RCTBlob (= 0.63.26)
    - React-RCTImage (= 0.63.26)
    - React-RCTLinking (= 0.63.26)
    - React-RCTNetwork (= 0.63.26)
    - React-RCTSettings (= 0.63.26)
    - React-RCTText (= 0.63.26)
    - React-RCTVibration (= 0.63.26)
  - React-callinvoker (0.63.26)
  - React-Core (0.63.26):
    - glog
    - RCT-Folly (= 2020.01.13.00)
    - React-Core/Default (= 0.63.26)
    - React-cxxreact (= 0.63.26)
    - React-jsi (= 0.63.26)
    - React-jsiexecutor (= 0.63.26)
    - Yoga
  - React-Core/CoreModulesHeaders (0.63.26):
    - glog
    - RCT-Folly (= 2020.01.13.00)
    - React-Core/Default
    - React-cxxreact (= 0.63.26)
    - React-jsi (= 0.63.26)
    - React-jsiexecutor (= 0.63.26)
    - Yoga
  - React-Core/Default (0.63.26):
    - glog
    - RCT-Folly (= 2020.01.13.00)
    - React-cxxreact (= 0.63.26)
    - React-jsi (= 0.63.26)
    - React-jsiexecutor (= 0.63.26)
    - Yoga
  - React-Core/DevSupport (0.63.26):
    - glog
    - RCT-Folly (= 2020.01.13.00)
    - React-Core/Default (= 0.63.26)
    - React-Core/RCTWebSocket (= 0.63.26)
    - React-cxxreact (= 0.63.26)
    - React-jsi (= 0.63.26)
    - React-jsiexecutor (= 0.63.26)
    - React-jsinspector (= 0.63.26)
    - Yoga
  - React-Core/RCTActionSheetHeaders (0.63.26):
    - glog
    - RCT-Folly (= 2020.01.13.00)
    - React-Core/Default
    - React-cxxreact (= 0.63.26)
    - React-jsi (= 0.63.26)
    - React-jsiexecutor (= 0.63.26)
    - Yoga
  - React-Core/RCTAnimationHeaders (0.63.26):
    - glog
    - RCT-Folly (= 2020.01.13.00)
    - React-Core/Default
    - React-cxxreact (= 0.63.26)
    - React-jsi (= 0.63.26)
    - React-jsiexecutor (= 0.63.26)
    - Yoga
  - React-Core/RCTBlobHeaders (0.63.26):
    - glog
    - RCT-Folly (= 2020.01.13.00)
    - React-Core/Default
    - React-cxxreact (= 0.63.26)
    - React-jsi (= 0.63.26)
    - React-jsiexecutor (= 0.63.26)
    - Yoga
  - React-Core/RCTImageHeaders (0.63.26):
    - glog
    - RCT-Folly (= 2020.01.13.00)
    - React-Core/Default
    - React-cxxreact (= 0.63.26)
    - React-jsi (= 0.63.26)
    - React-jsiexecutor (= 0.63.26)
    - Yoga
  - React-Core/RCTLinkingHeaders (0.63.26):
    - glog
    - RCT-Folly (= 2020.01.13.00)
    - React-Core/Default
    - React-cxxreact (= 0.63.26)
    - React-jsi (= 0.63.26)
    - React-jsiexecutor (= 0.63.26)
    - Yoga
  - React-Core/RCTNetworkHeaders (0.63.26):
    - glog
    - RCT-Folly (= 2020.01.13.00)
    - React-Core/Default
    - React-cxxreact (= 0.63.26)
    - React-jsi (= 0.63.26)
    - React-jsiexecutor (= 0.63.26)
    - Yoga
  - React-Core/RCTSettingsHeaders (0.63.26):
    - glog
    - RCT-Folly (= 2020.01.13.00)
    - React-Core/Default
    - React-cxxreact (= 0.63.26)
    - React-jsi (= 0.63.26)
    - React-jsiexecutor (= 0.63.26)
    - Yoga
  - React-Core/RCTTextHeaders (0.63.26):
    - glog
    - RCT-Folly (= 2020.01.13.00)
    - React-Core/Default
    - React-cxxreact (= 0.63.26)
    - React-jsi (= 0.63.26)
    - React-jsiexecutor (= 0.63.26)
    - Yoga
  - React-Core/RCTVibrationHeaders (0.63.26):
    - glog
    - RCT-Folly (= 2020.01.13.00)
    - React-Core/Default
    - React-cxxreact (= 0.63.26)
    - React-jsi (= 0.63.26)
    - React-jsiexecutor (= 0.63.26)
    - Yoga
  - React-Core/RCTWebSocket (0.63.26):
    - glog
    - RCT-Folly (= 2020.01.13.00)
    - React-Core/Default (= 0.63.26)
    - React-cxxreact (= 0.63.26)
    - React-jsi (= 0.63.26)
    - React-jsiexecutor (= 0.63.26)
    - Yoga
  - React-CoreModules (0.63.26):
    - FBReactNativeSpec (= 0.63.26)
    - RCT-Folly (= 2020.01.13.00)
    - RCTTypeSafety (= 0.63.26)
    - React-Core/CoreModulesHeaders (= 0.63.26)
    - React-jsi (= 0.63.26)
    - React-RCTImage (= 0.63.26)
    - ReactCommon/turbomodule/core (= 0.63.26)
  - React-cxxreact (0.63.26):
    - boost-for-react-native (= 1.63.0)
    - DoubleConversion
    - glog
    - RCT-Folly (= 2020.01.13.00)
    - React-callinvoker (= 0.63.26)
    - React-jsinspector (= 0.63.26)
  - React-jsi (0.63.26):
    - boost-for-react-native (= 1.63.0)
    - DoubleConversion
    - glog
    - RCT-Folly (= 2020.01.13.00)
    - React-jsi/Default (= 0.63.26)
  - React-jsi/Default (0.63.26):
    - boost-for-react-native (= 1.63.0)
    - DoubleConversion
    - glog
    - RCT-Folly (= 2020.01.13.00)
  - React-jsiexecutor (0.63.26):
    - DoubleConversion
    - glog
    - RCT-Folly (= 2020.01.13.00)
    - React-cxxreact (= 0.63.26)
    - React-jsi (= 0.63.26)
  - React-jsinspector (0.63.26)
  - react-native-safe-area-context (3.2.0):
    - React-Core
  - React-RCTActionSheet (0.63.26):
    - React-Core/RCTActionSheetHeaders (= 0.63.26)
  - React-RCTAnimation (0.63.26):
    - FBReactNativeSpec (= 0.63.26)
    - RCT-Folly (= 2020.01.13.00)
    - RCTTypeSafety (= 0.63.26)
    - React-Core/RCTAnimationHeaders (= 0.63.26)
    - React-jsi (= 0.63.26)
    - ReactCommon/turbomodule/core (= 0.63.26)
  - React-RCTBlob (0.63.26):
    - FBReactNativeSpec (= 0.63.26)
    - RCT-Folly (= 2020.01.13.00)
    - React-Core/RCTBlobHeaders (= 0.63.26)
    - React-Core/RCTWebSocket (= 0.63.26)
    - React-jsi (= 0.63.26)
    - React-RCTNetwork (= 0.63.26)
    - ReactCommon/turbomodule/core (= 0.63.26)
  - React-RCTImage (0.63.26):
    - FBReactNativeSpec (= 0.63.26)
    - RCT-Folly (= 2020.01.13.00)
    - RCTTypeSafety (= 0.63.26)
    - React-Core/RCTImageHeaders (= 0.63.26)
    - React-jsi (= 0.63.26)
    - React-RCTNetwork (= 0.63.26)
    - ReactCommon/turbomodule/core (= 0.63.26)
  - React-RCTLinking (0.63.26):
    - FBReactNativeSpec (= 0.63.26)
    - React-Core/RCTLinkingHeaders (= 0.63.26)
    - React-jsi (= 0.63.26)
    - ReactCommon/turbomodule/core (= 0.63.26)
  - React-RCTNetwork (0.63.26):
    - FBReactNativeSpec (= 0.63.26)
    - RCT-Folly (= 2020.01.13.00)
    - RCTTypeSafety (= 0.63.26)
    - React-Core/RCTNetworkHeaders (= 0.63.26)
    - React-jsi (= 0.63.26)
    - ReactCommon/turbomodule/core (= 0.63.26)
  - React-RCTSettings (0.63.26):
    - FBReactNativeSpec (= 0.63.26)
    - RCT-Folly (= 2020.01.13.00)
    - RCTTypeSafety (= 0.63.26)
    - React-Core/RCTSettingsHeaders (= 0.63.26)
    - React-jsi (= 0.63.26)
    - ReactCommon/turbomodule/core (= 0.63.26)
  - React-RCTText (0.63.26):
    - React-Core/RCTTextHeaders (= 0.63.26)
  - React-RCTVibration (0.63.26):
    - FBReactNativeSpec (= 0.63.26)
    - RCT-Folly (= 2020.01.13.00)
    - React-Core/RCTVibrationHeaders (= 0.63.26)
    - React-jsi (= 0.63.26)
    - ReactCommon/turbomodule/core (= 0.63.26)
  - ReactCommon/turbomodule/core (0.63.26):
    - DoubleConversion
    - glog
    - RCT-Folly (= 2020.01.13.00)
    - React-callinvoker (= 0.63.26)
    - React-Core (= 0.63.26)
    - React-cxxreact (= 0.63.26)
    - React-jsi (= 0.63.26)
  - RNCMaskedView (0.2.4):
    - React-Core
  - RNGestureHandler (1.10.3):
    - React-Core
  - RNReanimated (2.1.0):
    - DoubleConversion
    - FBLazyVector
    - FBReactNativeSpec
    - Folly
    - glog
    - RCTRequired
    - RCTTypeSafety
    - React
    - React-callinvoker
    - React-Core
    - React-Core/DevSupport
    - React-Core/RCTWebSocket
    - React-CoreModules
    - React-cxxreact
    - React-jsi
    - React-jsiexecutor
    - React-jsinspector
    - React-RCTActionSheet
    - React-RCTAnimation
    - React-RCTBlob
    - React-RCTImage
    - React-RCTLinking
    - React-RCTNetwork
    - React-RCTSettings
    - React-RCTText
    - React-RCTVibration
    - ReactCommon/turbomodule/core
    - Yoga
  - RNScreens (3.1.1):
    - React-Core
  - Yoga (1.14.0)
  - YogaKit (1.18.1):
    - Yoga (~> 1.14)

DEPENDENCIES:
  - boost-for-react-native (from `../node_modules/react-native-macos/third-party-podspecs/boost-for-react-native.podspec`)
  - DoubleConversion (from `../node_modules/react-native-macos/third-party-podspecs/DoubleConversion.podspec`)
  - FBLazyVector (from `../node_modules/react-native-macos/Libraries/FBLazyVector`)
  - FBReactNativeSpec (from `../node_modules/react-native-macos/Libraries/FBReactNativeSpec`)
  - Flipper (~> 0.54.0)
  - Flipper-DoubleConversion (= 1.1.7)
  - Flipper-Folly (~> 2.2)
  - Flipper-Glog (= 0.3.6)
  - Flipper-PeerTalk (~> 0.0.4)
  - Flipper-RSocket (~> 1.1)
  - FlipperKit (~> 0.54.0)
  - FlipperKit/Core (~> 0.54.0)
  - FlipperKit/CppBridge (~> 0.54.0)
  - FlipperKit/FBCxxFollyDynamicConvert (~> 0.54.0)
  - FlipperKit/FBDefines (~> 0.54.0)
  - FlipperKit/FKPortForwarding (~> 0.54.0)
  - FlipperKit/FlipperKitHighlightOverlay (~> 0.54.0)
  - FlipperKit/FlipperKitLayoutPlugin (~> 0.54.0)
  - FlipperKit/FlipperKitLayoutTextSearchable (~> 0.54.0)
  - FlipperKit/FlipperKitNetworkPlugin (~> 0.54.0)
  - FlipperKit/FlipperKitReactPlugin (~> 0.54.0)
  - FlipperKit/FlipperKitUserDefaultsPlugin (~> 0.54.0)
  - FlipperKit/SKIOSNetworkPlugin (~> 0.54.0)
  - glog (from `../node_modules/react-native-macos/third-party-podspecs/glog.podspec`)
  - RCT-Folly (from `../node_modules/react-native-macos/third-party-podspecs/RCT-Folly.podspec`)
  - RCTRequired (from `../node_modules/react-native-macos/Libraries/RCTRequired`)
  - RCTTypeSafety (from `../node_modules/react-native-macos/Libraries/TypeSafety`)
  - React (from `../node_modules/react-native-macos/`)
  - React-callinvoker (from `../node_modules/react-native-macos/ReactCommon/callinvoker`)
  - React-Core (from `../node_modules/react-native-macos/`)
  - React-Core/DevSupport (from `../node_modules/react-native-macos/`)
  - React-Core/RCTWebSocket (from `../node_modules/react-native-macos/`)
  - React-CoreModules (from `../node_modules/react-native-macos/React/CoreModules`)
  - React-cxxreact (from `../node_modules/react-native-macos/ReactCommon/cxxreact`)
  - React-jsi (from `../node_modules/react-native-macos/ReactCommon/jsi`)
  - React-jsiexecutor (from `../node_modules/react-native-macos/ReactCommon/jsiexecutor`)
  - React-jsinspector (from `../node_modules/react-native-macos/ReactCommon/jsinspector`)
  - react-native-safe-area-context (from `../node_modules/react-native-safe-area-context`)
  - React-RCTActionSheet (from `../node_modules/react-native-macos/Libraries/ActionSheetIOS`)
  - React-RCTAnimation (from `../node_modules/react-native-macos/Libraries/NativeAnimation`)
  - React-RCTBlob (from `../node_modules/react-native-macos/Libraries/Blob`)
  - React-RCTImage (from `../node_modules/react-native-macos/Libraries/Image`)
  - React-RCTLinking (from `../node_modules/react-native-macos/Libraries/LinkingIOS`)
  - React-RCTNetwork (from `../node_modules/react-native-macos/Libraries/Network`)
  - React-RCTSettings (from `../node_modules/react-native-macos/Libraries/Settings`)
  - React-RCTText (from `../node_modules/react-native-macos/Libraries/Text`)
  - React-RCTVibration (from `../node_modules/react-native-macos/Libraries/Vibration`)
  - ReactCommon/turbomodule/core (from `../node_modules/react-native-macos/ReactCommon`)
  - "RNCMaskedView (from `../node_modules/@react-native-masked-view/masked-view`)"
  - RNGestureHandler (from `../node_modules/react-native-gesture-handler`)
  - RNReanimated (from `../node_modules/react-native-reanimated`)
  - RNScreens (from `../node_modules/react-native-screens`)
  - Yoga (from `../node_modules/react-native-macos/ReactCommon/yoga`)

SPEC REPOS:
  trunk:
    - CocoaAsyncSocket
    - CocoaLibEvent
    - Flipper
    - Flipper-DoubleConversion
    - Flipper-Folly
    - Flipper-Glog
    - Flipper-PeerTalk
    - Flipper-RSocket
    - FlipperKit
    - Folly
    - OpenSSL-Universal
    - YogaKit

EXTERNAL SOURCES:
  boost-for-react-native:
    :podspec: "../node_modules/react-native-macos/third-party-podspecs/boost-for-react-native.podspec"
  DoubleConversion:
    :podspec: "../node_modules/react-native-macos/third-party-podspecs/DoubleConversion.podspec"
  FBLazyVector:
    :path: "../node_modules/react-native-macos/Libraries/FBLazyVector"
  FBReactNativeSpec:
    :path: "../node_modules/react-native-macos/Libraries/FBReactNativeSpec"
  glog:
    :podspec: "../node_modules/react-native-macos/third-party-podspecs/glog.podspec"
  RCT-Folly:
    :podspec: "../node_modules/react-native-macos/third-party-podspecs/RCT-Folly.podspec"
  RCTRequired:
    :path: "../node_modules/react-native-macos/Libraries/RCTRequired"
  RCTTypeSafety:
    :path: "../node_modules/react-native-macos/Libraries/TypeSafety"
  React:
    :path: "../node_modules/react-native-macos/"
  React-callinvoker:
    :path: "../node_modules/react-native-macos/ReactCommon/callinvoker"
  React-Core:
    :path: "../node_modules/react-native-macos/"
  React-CoreModules:
    :path: "../node_modules/react-native-macos/React/CoreModules"
  React-cxxreact:
    :path: "../node_modules/react-native-macos/ReactCommon/cxxreact"
  React-jsi:
    :path: "../node_modules/react-native-macos/ReactCommon/jsi"
  React-jsiexecutor:
    :path: "../node_modules/react-native-macos/ReactCommon/jsiexecutor"
  React-jsinspector:
    :path: "../node_modules/react-native-macos/ReactCommon/jsinspector"
  react-native-safe-area-context:
    :path: "../node_modules/react-native-safe-area-context"
  React-RCTActionSheet:
    :path: "../node_modules/react-native-macos/Libraries/ActionSheetIOS"
  React-RCTAnimation:
    :path: "../node_modules/react-native-macos/Libraries/NativeAnimation"
  React-RCTBlob:
    :path: "../node_modules/react-native-macos/Libraries/Blob"
  React-RCTImage:
    :path: "../node_modules/react-native-macos/Libraries/Image"
  React-RCTLinking:
    :path: "../node_modules/react-native-macos/Libraries/LinkingIOS"
  React-RCTNetwork:
    :path: "../node_modules/react-native-macos/Libraries/Network"
  React-RCTSettings:
    :path: "../node_modules/react-native-macos/Libraries/Settings"
  React-RCTText:
    :path: "../node_modules/react-native-macos/Libraries/Text"
  React-RCTVibration:
    :path: "../node_modules/react-native-macos/Libraries/Vibration"
  ReactCommon:
    :path: "../node_modules/react-native-macos/ReactCommon"
  RNCMaskedView:
    :path: "../node_modules/@react-native-masked-view/masked-view"
  RNGestureHandler:
    :path: "../node_modules/react-native-gesture-handler"
  RNReanimated:
    :path: "../node_modules/react-native-reanimated"
  RNScreens:
    :path: "../node_modules/react-native-screens"
  Yoga:
    :path: "../node_modules/react-native-macos/ReactCommon/yoga"

SPEC CHECKSUMS:
  boost-for-react-native: dabda8622e76020607c2ae1e65cc0cda8b61479d
  CocoaAsyncSocket: 694058e7c0ed05a9e217d1b3c7ded962f4180845
  CocoaLibEvent: 2fab71b8bd46dd33ddb959f7928ec5909f838e3f
  DoubleConversion: 56a44bcfd14ab2ff66f5a146b2e875eb4b69b19b
  FBLazyVector: faf37264e8506cf7b4d2d1a06a6fdbf1b2103afa
  FBReactNativeSpec: cc8dd4f71faf8cf0270a190400173afc5b42194d
  Flipper: be611d4b742d8c87fbae2ca5f44603a02539e365
  Flipper-DoubleConversion: 38631e41ef4f9b12861c67d17cb5518d06badc41
  Flipper-Folly: e4493b013c02d9347d5e0cb4d128680239f6c78a
  Flipper-Glog: 1dfd6abf1e922806c52ceb8701a3599a79a200a6
  Flipper-PeerTalk: 116d8f857dc6ef55c7a5a75ea3ceaafe878aadc9
  Flipper-RSocket: 64e7431a55835eb953b0bf984ef3b90ae9fdddd7
  FlipperKit: ab353d41aea8aae2ea6daaf813e67496642f3d7d
  Folly: 211775e49d8da0ca658aebc8eab89d642935755c
  glog: 1cb7c408c781ae8f35bbababe459b45e3dee4ec1
  OpenSSL-Universal: ff34003318d5e1163e9529b08470708e389ffcdd
  RCT-Folly: 1347093ffe75e152d846f7e45a3ef901b60021aa
  RCTRequired: 9800ae2e575c64f8684ce1b29d087f64dbbebf7f
  RCTTypeSafety: 327d4c46577bb5cbff0159659f067be51795f183
  React: 581050173d5052927c2fc4fff4916a227e35f0a0
  React-callinvoker: f028d33eefdd1fdf406fc5eaa390bd720104093d
  React-Core: 03e09f136b0e50d4082ef73f59e4241a090156f3
  React-CoreModules: e0d5b387b8fa1386adffc82f143b9ed5415b3912
  React-cxxreact: 1a1768ae2ffba005d376e06210bd229852b10280
  React-jsi: 12cee9a464225587fd66fda1c2493cde603a8978
  React-jsiexecutor: 3ad2048da5d3100f1ae2d0e1f236ab5bdc017cdc
  React-jsinspector: 05608588dd9ddf924a85a339f25261c4900525e4
  react-native-safe-area-context: f0906bf8bc9835ac9a9d3f97e8bde2a997d8da79
  React-RCTActionSheet: 895b37e709fd85d524ef1382197a9a615a43ae96
  React-RCTAnimation: 14d574a43a9e9247b4999cfff640fa70608d516c
  React-RCTBlob: 95064ec2fa054456f0460a5ac4997940e6ae30a2
  React-RCTImage: 44204296ff10aafd13c3a798d402ada7fc6f5b39
  React-RCTLinking: 41f6b8695143e4c170192d39014e60c74e8a1c68
  React-RCTNetwork: 9dde7bd28a59a14cf1d4cbee838742fd52537263
  React-RCTSettings: e481b8a69e987e740224b8b1295ee76344acda88
  React-RCTText: 5f1a9c9756990f21e48787643d7f8dc0e7328183
  React-RCTVibration: 0f01a09a55fccb406ec69869269491dd6dfb4209
  ReactCommon: f81c62796f43a8d2b57ea2edc944d87a6c37b3d0
  RNCMaskedView: fc29d354a40316a990e8fb46391f08aea829c3aa
  RNGestureHandler: a479ebd5ed4221a810967000735517df0d2db211
  RNReanimated: 70f662b5232dd5d19ccff581e919a54ea73df51c
  RNScreens: bd1523c3bde7069b8e958e5a16e1fc7722ad0bdd
  Yoga: 61c690ff2041727d858b3120c47fb7796180ac22
  YogaKit: f782866e155069a2cca2517aafea43200b01fd5a

PODFILE CHECKSUM: d805819e662974225886db8d07e6945449dec6cc

COCOAPODS: 1.10.1
